Microsoft Visual Studio Solution File, Format Version 12.00
# Visual Studio Version 17
VisualStudioVersion = 17.5.2.0
MinimumVisualStudioVersion = 10.0.40219.1
Project("{FAE04EC0-301F-11D3-BF4B-00C04F79EFBC}") = "netrunner-signals", "netrunner-signals.csproj", "{F06041F6-37F0-B910-9480-77D37D70666D}"
EndProject
Global
	GlobalSection(SolutionConfigurationPlatforms) = preSolution
		Debug|Any CPU = Debug|Any CPU
		Release|Any CPU = Release|Any CPU
	EndGlobalSection
	GlobalSection(ProjectConfigurationPlatforms) = postSolution
		{F06041F6-37F0-B910-9480-77D37D70666D}.Debug|Any CPU.ActiveCfg = Debug|Any CPU
		{F06041F6-37F0-B910-9480-77D37D70666D}.Debug|Any CPU.Build.0 = Debug|Any CPU
		{F06041F6-37F0-B910-9480-77D37D70666D}.Release|Any CPU.ActiveCfg = Release|Any CPU
		{F06041F6-37F0-B910-9480-77D37D70666D}.Release|Any CPU.Build.0 = Release|Any CPU
	EndGlobalSection
	GlobalSection(SolutionProperties) = preSolution
		HideSolutionNode = FALSE
	EndGlobalSection
	GlobalSection(ExtensibilityGlobals) = postSolution
		SolutionGuid = {70F4B2EF-6CB9-4360-9B1B-CAFBB8142F86}
	EndGlobalSection
EndGlobal
